// !$*UTF8*$!
{
	archiveVersion = 1;
	classes = {
	};
	objectVersion = 56;
	objects = {

/* Begin PBXBuildFile section */
		FA04F8692A4F3D6F00BC15AA /* Learning_Core_DataApp.swift in Sources */ = {isa = PBXBuildFile; fileRef = FA04F8682A4F3D6F00BC15AA /* Learning_Core_DataApp.swift */; };
		FA04F86B2A4F3D6F00BC15AA /* ContentView.swift in Sources */ = {isa = PBXBuildFile; fileRef = FA04F86A2A4F3D6F00BC15AA /* ContentView.swift */; };
		FA04F86D2A4F3D7000BC15AA /* Assets.xcassets in Resources */ = {isa = PBXBuildFile; fileRef = FA04F86C2A4F3D7000BC15AA /* Assets.xcassets */; };
		FA04F8702A4F3D7000BC15AA /* Preview Assets.xcassets in Resources */ = {isa = PBXBuildFile; fileRef = FA04F86F2A4F3D7000BC15AA /* Preview Assets.xcassets */; };
		FA04F8722A4F3D7000BC15AA /* Persistence.swift in Sources */ = {isa = PBXBuildFile; fileRef = FA04F8712A4F3D7000BC15AA /* Persistence.swift */; };
		FA04F8752A4F3D7000BC15AA /* Learning_Core_Data.xcdatamodeld in Sources */ = {isa = PBXBuildFile; fileRef = FA04F8732A4F3D7000BC15AA /* Learning_Core_Data.xcdatamodeld */; };
		FA04F8812A4F64FF00BC15AA /* Home.swift in Sources */ = {isa = PBXBuildFile; fileRef = FA04F8802A4F64FF00BC15AA /* Home.swift */; };
		FA04F8832A4F669000BC15AA /* CustomFilteringDataView.swift in Sources */ = {isa = PBXBuildFile; fileRef = FA04F8822A4F669000BC15AA /* CustomFilteringDataView.swift */; };
/* End PBXBuildFile section */

/* Begin PBXFileReference section */
		FA04F8652A4F3D6F00BC15AA /* Learning Core Data.app */ = {isa = PBXFileReference; explicitFileType = wrapper.application; includeInIndex = 0; path = "Learning Core Data.app"; sourceTree = BUILT_PRODUCTS_DIR; };
		FA04F8682A4F3D6F00BC15AA /* Learning_Core_DataApp.swift */ = {isa = PBXFileReference; lastKnownFileType = sourcecode.swift; path = Learning_Core_DataApp.swift; sourceTree = "<group>"; };
		FA04F86A2A4F3D6F00BC15AA /* ContentView.swift */ = {isa = PBXFileReference; lastKnownFileType = sourcecode.swift; path = ContentView.swift; sourceTree = "<group>"; };
		FA04F86C2A4F3D7000BC15AA /* Assets.xcassets */ = {isa = PBXFileReference; lastKnownFileType = folder.assetcatalog; path = Assets.xcassets; sourceTree = "<group>"; };
		FA04F86F2A4F3D7000BC15AA /* Preview Assets.xcassets */ = {isa = PBXFileReference; lastKnownFileType = folder.assetcatalog; path = "Preview Assets.xcassets"; sourceTree = "<group>"; };
		FA04F8712A4F3D7000BC15AA /* Persistence.swift */ = {isa = PBXFileReference; lastKnownFileType = sourcecode.swift; path = Persistence.swift; sourceTree = "<group>"; };
		FA04F8742A4F3D7000BC15AA /* Learning_Core_Data.xcdatamodel */ = {isa = PBXFileReference; lastKnownFileType = wrapper.xcdatamodel; path = Learning_Core_Data.xcdatamodel; sourceTree = "<group>"; };
		FA04F8802A4F64FF00BC15AA /* Home.swift */ = {isa = PBXFileReference; lastKnownFileType = sourcecode.swift; path = Home.swift; sourceTree = "<group>"; };
		FA04F8822A4F669000BC15AA /* CustomFilteringDataView.swift */ = {isa = PBXFileReference; lastKnownFileType = sourcecode.swift; path = CustomFilteringDataView.swift; sourceTree = "<group>"; };
/* End PBXFileReference section */

/* Begin PBXFrameworksBuildPhase section */
		FA04F8622A4F3D6F00BC15AA /* Frameworks */ = {
			isa = PBXFrameworksBuildPhase;
			buildActionMask = 2147483647;
			files = (
			);
			runOnlyForDeploymentPostprocessing = 0;
		};
/* End PBXFrameworksBuildPhase section */

/* Begin PBXGroup section */
		FA04F85C2A4F3D6E00BC15AA = {
			isa = PBXGroup;
			children = (
				FA04F8672A4F3D6F00BC15AA /* Learning Core Data */,
				FA04F8662A4F3D6F00BC15AA /* Products */,
			);
			sourceTree = "<group>";
		};
		FA04F8662A4F3D6F00BC15AA /* Products */ = {
			isa = PBXGroup;
			children = (
				FA04F8652A4F3D6F00BC15AA /* Learning Core Data.app */,
			);
			name = Products;
			sourceTree = "<group>";
		};
		FA04F8672A4F3D6F00BC15AA /* Learning Core Data */ = {
			isa = PBXGroup;
			children = (
				FA04F87F2A4F64F700BC15AA /* View */,
				FA04F8682A4F3D6F00BC15AA /* Learning_Core_DataApp.swift */,
				FA04F86A2A4F3D6F00BC15AA /* ContentView.swift */,
				FA04F86C2A4F3D7000BC15AA /* Assets.xcassets */,
				FA04F8712A4F3D7000BC15AA /* Persistence.swift */,
				FA04F8732A4F3D7000BC15AA /* Learning_Core_Data.xcdatamodeld */,
				FA04F86E2A4F3D7000BC15AA /* Preview Content */,
			);
			path = "Learning Core Data";
			sourceTree = "<group>";
		};
		FA04F86E2A4F3D7000BC15AA /* Preview Content */ = {
			isa = PBXGroup;
			children = (
				FA04F86F2A4F3D7000BC15AA /* Preview Assets.xcassets */,
			);
			path = "Preview Content";
			sourceTree = "<group>";
		};
		FA04F87F2A4F64F700BC15AA /* View */ = {
			isa = PBXGroup;
			children = (
				FA04F8802A4F64FF00BC15AA /* Home.swift */,
				FA04F8822A4F669000BC15AA /* CustomFilteringDataView.swift */,
			);
			path = View;
			sourceTree = "<group>";
		};
/* End PBXGroup section */

/* Begin PBXNativeTarget section */
		FA04F8642A4F3D6F00BC15AA /* Learning Core Data */ = {
			isa = PBXNativeTarget;
			buildConfigurationList = FA04F8782A4F3D7000BC15AA /* Build configuration list for PBXNativeTarget "Learning Core Data" */;
			buildPhases = (
				FA04F8612A4F3D6F00BC15AA /* Sources */,
				FA04F8622A4F3D6F00BC15AA /* Frameworks */,
				FA04F8632A4F3D6F00BC15AA /* Resources */,
			);
			buildRules = (
			);
			dependencies = (
			);
			name = "Learning Core Data";
			productName = "Learning Core Data";
			productReference = FA04F8652A4F3D6F00BC15AA /* Learning Core Data.app */;
			productType = "com.apple.product-type.application";
		};
/* End PBXNativeTarget section */

/* Begin PBXProject section */
		FA04F85D2A4F3D6E00BC15AA /* Project object */ = {
			isa = PBXProject;
			attributes = {
				BuildIndependentTargetsInParallel = 1;
				LastSwiftUpdateCheck = 1430;
				LastUpgradeCheck = 1430;
				TargetAttributes = {
					FA04F8642A4F3D6F00BC15AA = {
						CreatedOnToolsVersion = 14.3;
					};
				};
			};
			buildConfigurationList = FA04F8602A4F3D6E00BC15AA /* Build configuration list for PBXProject "Learning Core Data" */;
			compatibilityVersion = "Xcode 14.0";
			developmentRegion = en;
			hasScannedForEncodings = 0;
			knownRegions = (
				en,
				Base,
			);
			mainGroup = FA04F85C2A4F3D6E00BC15AA;
			productRefGroup = FA04F8662A4F3D6F00BC15AA /* Products */;
			projectDirPath = "";
			projectRoot = "";
			targets = (
				FA04F8642A4F3D6F00BC15AA /* Learning Core Data */,
			);
		};
/* End PBXProject section */

/* Begin PBXResourcesBuildPhase section */
		FA04F8632A4F3D6F00BC15AA /* Resources */ = {
			isa = PBXResourcesBuildPhase;
			buildActionMask = 2147483647;
			files = (
				FA04F8702A4F3D7000BC15AA /* Preview Assets.xcassets in Resources */,
				FA04F86D2A4F3D7000BC15AA /* Assets.xcassets in Resources */,
			);
			runOnlyForDeploymentPostprocessing = 0;
		};
/* End PBXResourcesBuildPhase section */

/* Begin PBXSourcesBuildPhase section */
		FA04F8612A4F3D6F00BC15AA /* Sources */ = {
			isa = PBXSourcesBuildPhase;
			buildActionMask = 2147483647;
			files = (
				FA04F8752A4F3D7000BC15AA /* Learning_Core_Data.xcdatamodeld in Sources */,
				FA04F8722A4F3D7000BC15AA /* Persistence.swift in Sources */,
				FA04F8832A4F669000BC15AA /* CustomFilteringDataView.swift in Sources */,
				FA04F86B2A4F3D6F00BC15AA /* ContentView.swift in Sources */,
				FA04F8692A4F3D6F00BC15AA /* Learning_Core_DataApp.swift in Sources */,
				FA04F8812A4F64FF00BC15AA /* Home.swift in Sources */,
			);
			runOnlyForDeploymentPostprocessing = 0;
		};
/* End PBXSourcesBuildPhase section */

/* Begin XCBuildConfiguration section */
		FA04F8762A4F3D7000BC15AA /* Debug */ = {
			isa = XCBuildConfiguration;
			buildSettings = {
				ALWAYS_SEARCH_USER_PATHS = NO;
				CLANG_ANALYZER_NONNULL = YES;
				CLANG_ANALYZER_NUMBER_OBJECT_CONVERSION = YES_AGGRESSIVE;
				CLANG_CXX_LANGUAGE_STANDARD = "gnu++20";
				CLANG_ENABLE_MODULES = YES;
				CLANG_ENABLE_OBJC_ARC = YES;
				CLANG_ENABLE_OBJC_WEAK = YES;
				CLANG_WARN_BLOCK_CAPTURE_AUTORELEASING = YES;
				CLANG_WARN_BOOL_CONVERSION = YES;
				CLANG_WARN_COMMA = YES;
				CLANG_WARN_CONSTANT_CONVERSION = YES;
				CLANG_WARN_DEPRECATED_OBJC_IMPLEMENTATIONS = YES;
				CLANG_WARN_DIRECT_OBJC_ISA_USAGE = YES_ERROR;
				CLANG_WARN_DOCUMENTATION_COMMENTS = YES;
				CLANG_WARN_EMPTY_BODY = YES;
				CLANG_WARN_ENUM_CONVERSION = YES;
				CLANG_WARN_INFINITE_RECURSION = YES;
				CLANG_WARN_INT_CONVERSION = YES;
				CLANG_WARN_NON_LITERAL_NULL_CONVERSION = YES;
				CLANG_WARN_OBJC_IMPLICIT_RETAIN_SELF = YES;
				CLANG_WARN_OBJC_LITERAL_CONVERSION = YES;
				CLANG_WARN_OBJC_ROOT_CLASS = YES_ERROR;
				CLANG_WARN_QUOTED_INCLUDE_IN_FRAMEWORK_HEADER = YES;
				CLANG_WARN_RANGE_LOOP_ANALYSIS = YES;
				CLANG_WARN_STRICT_PROTOTYPES = YES;
				CLANG_WARN_SUSPICIOUS_MOVE = YES;
				CLANG_WARN_UNGUARDED_AVAILABILITY = YES_AGGRESSIVE;
				CLANG_WARN_UNREACHABLE_CODE = YES;
				CLANG_WARN__DUPLICATE_METHOD_MATCH = YES;
				COPY_PHASE_STRIP = NO;
				DEBUG_INFORMATION_FORMAT = dwarf;
				ENABLE_STRICT_OBJC_MSGSEND = YES;
				ENABLE_TESTABILITY = YES;
				GCC_C_LANGUAGE_STANDARD = gnu11;
				GCC_DYNAMIC_NO_PIC = NO;
				GCC_NO_COMMON_BLOCKS = YES;
				GCC_OPTIMIZATION_LEVEL = 0;
				GCC_PREPROCESSOR_DEFINITIONS = (
					"DEBUG=1",
					"$(inherited)",
				);
				GCC_WARN_64_TO_32_BIT_CONVERSION = YES;
				GCC_WARN_ABOUT_RETURN_TYPE = YES_ERROR;
				GCC_WARN_UNDECLARED_SELECTOR = YES;
				GCC_WARN_UNINITIALIZED_AUTOS = YES_AGGRESSIVE;
				GCC_WARN_UNUSED_FUNCTION = YES;
				GCC_WARN_UNUSED_VARIABLE = YES;
				IPHONEOS_DEPLOYMENT_TARGET = 16.4;
				MTL_ENABLE_DEBUG_INFO = INCLUDE_SOURCE;
				MTL_FAST_MATH = YES;
				ONLY_ACTIVE_ARCH = YES;
				SDKROOT = iphoneos;
				SWIFT_ACTIVE_COMPILATION_CONDITIONS = DEBUG;
				SWIFT_OPTIMIZATION_LEVEL = "-Onone";
			};
			name = Debug;
		};
		FA04F8772A4F3D7000BC15AA /* Release */ = {
			isa = XCBuildConfiguration;
			buildSettings = {
				ALWAYS_SEARCH_USER_PATHS = NO;
				CLANG_ANALYZER_NONNULL = YES;
				CLANG_ANALYZER_NUMBER_OBJECT_CONVERSION = YES_AGGRESSIVE;
				CLANG_CXX_LANGUAGE_STANDARD = "gnu++20";
				CLANG_ENABLE_MODULES = YES;
				CLANG_ENABLE_OBJC_ARC = YES;
				CLANG_ENABLE_OBJC_WEAK = YES;
				CLANG_WARN_BLOCK_CAPTURE_AUTORELEASING = YES;
				CLANG_WARN_BOOL_CONVERSION = YES;
				CLANG_WARN_COMMA = YES;
				CLANG_WARN_CONSTANT_CONVERSION = YES;
				CLANG_WARN_DEPRECATED_OBJC_IMPLEMENTATIONS = YES;
				CLANG_WARN_DIRECT_OBJC_ISA_USAGE = YES_ERROR;
				CLANG_WARN_DOCUMENTATION_COMMENTS = YES;
				CLANG_WARN_EMPTY_BODY = YES;
				CLANG_WARN_ENUM_CONVERSION = YES;
				CLANG_WARN_INFINITE_RECURSION = YES;
				CLANG_WARN_INT_CONVERSION = YES;
				CLANG_WARN_NON_LITERAL_NULL_CONVERSION = YES;
				CLANG_WARN_OBJC_IMPLICIT_RETAIN_SELF = YES;
				CLANG_WARN_OBJC_LITERAL_CONVERSION = YES;
				CLANG_WARN_OBJC_ROOT_CLASS = YES_ERROR;
				CLANG_WARN_QUOTED_INCLUDE_IN_FRAMEWORK_HEADER = YES;
				CLANG_WARN_RANGE_LOOP_ANALYSIS = YES;
				CLANG_WARN_STRICT_PROTOTYPES = YES;
				CLANG_WARN_SUSPICIOUS_MOVE = YES;
				CLANG_WARN_UNGUARDED_AVAILABILITY = YES_AGGRESSIVE;
				CLANG_WARN_UNREACHABLE_CODE = YES;
				CLANG_WARN__DUPLICATE_METHOD_MATCH = YES;
				COPY_PHASE_STRIP = NO;
				DEBUG_INFORMATION_FORMAT = "dwarf-with-dsym";
				ENABLE_NS_ASSERTIONS = NO;
				ENABLE_STRICT_OBJC_MSGSEND = YES;
				GCC_C_LANGUAGE_STANDARD = gnu11;
				GCC_NO_COMMON_BLOCKS = YES;
				GCC_WARN_64_TO_32_BIT_CONVERSION = YES;
				GCC_WARN_ABOUT_RETURN_TYPE = YES_ERROR;
				GCC_WARN_UNDECLARED_SELECTOR = YES;
				GCC_WARN_UNINITIALIZED_AUTOS = YES_AGGRESSIVE;
				GCC_WARN_UNUSED_FUNCTION = YES;
				GCC_WARN_UNUSED_VARIABLE = YES;
				IPHONEOS_DEPLOYMENT_TARGET = 16.4;
				MTL_ENABLE_DEBUG_INFO = NO;
				MTL_FAST_MATH = YES;
				SDKROOT = iphoneos;
				SWIFT_COMPILATION_MODE = wholemodule;
				SWIFT_OPTIMIZATION_LEVEL = "-O";
				VALIDATE_PRODUCT = YES;
			};
			name = Release;
		};
		FA04F8792A4F3D7000BC15AA /* Debug */ = {
			isa = XCBuildConfiguration;
			buildSettings = {
				ASSETCATALOG_COMPILER_APPICON_NAME = AppIcon;
				ASSETCATALOG_COMPILER_GLOBAL_ACCENT_COLOR_NAME = AccentColor;
				CODE_SIGN_STYLE = Automatic;
				CURRENT_PROJECT_VERSION = 1;
				DEVELOPMENT_ASSET_PATHS = "\"Learning Core Data/Preview Content\"";
				DEVELOPMENT_TEAM = 488D86WNW2;
				ENABLE_PREVIEWS = YES;
				GENERATE_INFOPLIST_FILE = YES;
				INFOPLIST_KEY_LSApplicationCategoryType = "public.app-category.productivity";
				INFOPLIST_KEY_UIApplicationSceneManifest_Generation = YES;
				INFOPLIST_KEY_UIApplicationSupportsIndirectInputEvents = YES;
				INFOPLIST_KEY_UILaunchScreen_Generation = YES;
				INFOPLIST_KEY_UISupportedInterfaceOrientations_iPad = "UIInterfaceOrientationPortrait UIInterfaceOrientationPortraitUpsideDown UIInterfaceOrientationLandscapeLeft UIInterfaceOrientationLandscapeRight";
				INFOPLIST_KEY_UISupportedInterfaceOrientations_iPhone = "UIInterfaceOrientationPortrait UIInterfaceOrientationLandscapeLeft UIInterfaceOrientationLandscapeRight";
				LD_RUNPATH_SEARCH_PATHS = (
					"$(inherited)",
					"@executable_path/Frameworks",
				);
				MARKETING_VERSION = 1.0;
				PRODUCT_BUNDLE_IDENTIFIER = "Bradlee.King.Learning-Core-Data";
				PRODUCT_NAME = "$(TARGET_NAME)";
				SWIFT_EMIT_LOC_STRINGS = YES;
				SWIFT_VERSION = 5.0;
				TARGETED_DEVICE_FAMILY = "1,2";
			};
			name = Debug;
		};
		FA04F87A2A4F3D7000BC15AA /* Release */ = {
			isa = XCBuildConfiguration;
			buildSettings = {
				ASSETCATALOG_COMPILER_APPICON_NAME = AppIcon;
				ASSETCATALOG_COMPILER_GLOBAL_ACCENT_COLOR_NAME = AccentColor;
				CODE_SIGN_STYLE = Automatic;
				CURRENT_PROJECT_VERSION = 1;
				DEVELOPMENT_ASSET_PATHS = "\"Learning Core Data/Preview Content\"";
				DEVELOPMENT_TEAM = 488D86WNW2;
				ENABLE_PREVIEWS = YES;
				GENERATE_INFOPLIST_FILE = YES;
				INFOPLIST_KEY_LSApplicationCategoryType = "public.app-category.productivity";
				INFOPLIST_KEY_UIApplicationSceneManifest_Generation = YES;
				INFOPLIST_KEY_UIApplicationSupportsIndirectInputEvents = YES;
				INFOPLIST_KEY_UILaunchScreen_Generation = YES;
				INFOPLIST_KEY_UISupportedInterfaceOrientations_iPad = "UIInterfaceOrientationPortrait UIInterfaceOrientationPortraitUpsideDown UIInterfaceOrientationLandscapeLeft UIInterfaceOrientationLandscapeRight";
				INFOPLIST_KEY_UISupportedInterfaceOrientations_iPhone = "UIInterfaceOrientationPortrait UIInterfaceOrientationLandscapeLeft UIInterfaceOrientationLandscapeRight";
				LD_RUNPATH_SEARCH_PATHS = (
					"$(inherited)",
					"@executable_path/Frameworks",
				);
				MARKETING_VERSION = 1.0;
				PRODUCT_BUNDLE_IDENTIFIER = "Bradlee.King.Learning-Core-Data";
				PRODUCT_NAME = "$(TARGET_NAME)";
				SWIFT_EMIT_LOC_STRINGS = YES;
				SWIFT_VERSION = 5.0;
				TARGETED_DEVICE_FAMILY = "1,2";
			};
			name = Release;
		};
/* End XCBuildConfiguration section */

/* Begin XCConfigurationList section */
		FA04F8602A4F3D6E00BC15AA /* Build configuration list for PBXProject "Learning Core Data" */ = {
			isa = XCConfigurationList;
			buildConfigurations = (
				FA04F8762A4F3D7000BC15AA /* Debug */,
				FA04F8772A4F3D7000BC15AA /* Release */,
			);
			defaultConfigurationIsVisible = 0;
			defaultConfigurationName = Release;
		};
		FA04F8782A4F3D7000BC15AA /* Build configuration list for PBXNativeTarget "Learning Core Data" */ = {
			isa = XCConfigurationList;
			buildConfigurations = (
				FA04F8792A4F3D7000BC15AA /* Debug */,
				FA04F87A2A4F3D7000BC15AA /* Release */,
			);
			defaultConfigurationIsVisible = 0;
			defaultConfigurationName = Release;
		};
/* End XCConfigurationList section */

/* Begin XCVersionGroup section */
		FA04F8732A4F3D7000BC15AA /* Learning_Core_Data.xcdatamodeld */ = {
			isa = XCVersionGroup;
			children = (
				FA04F8742A4F3D7000BC15AA /* Learning_Core_Data.xcdatamodel */,
			);
			currentVersion = FA04F8742A4F3D7000BC15AA /* Learning_Core_Data.xcdatamodel */;
			path = Learning_Core_Data.xcdatamodeld;
			sourceTree = "<group>";
			versionGroupType = wrapper.xcdatamodel;
		};
/* End XCVersionGroup section */
	};
	rootObject = FA04F85D2A4F3D6E00BC15AA /* Project object */;
}
